
Microsoft Visual Studio Solution File, Format Version 12.00
# Visual Studio Version 17
VisualStudioVersion = 17.3.32825.248
MinimumVisualStudioVersion = 10.0.40219.1
Project("{9A19103F-16F7-4668-BE54-9A1E7A4F7556}") = "api.parcial3", "api.parcial3\api.parcial3.csproj", "{EC96309E-2A37-401C-AAAC-7F4E20640E8D}"
EndProject
Global
	GlobalSection(SolutionConfigurationPlatforms) = preSolution
		Debug|Any CPU = Debug|Any CPU
		Release|Any CPU = Release|Any CPU
	EndGlobalSection
	GlobalSection(ProjectConfigurationPlatforms) = postSolution
		{EC96309E-2A37-401C-AAAC-7F4E20640E8D}.Debug|Any CPU.ActiveCfg = Debug|Any CPU
		{EC96309E-2A37-401C-AAAC-7F4E20640E8D}.Debug|Any CPU.Build.0 = Debug|Any CPU
		{EC96309E-2A37-401C-AAAC-7F4E20640E8D}.Release|Any CPU.ActiveCfg = Release|Any CPU
		{EC96309E-2A37-401C-AAAC-7F4E20640E8D}.Release|Any CPU.Build.0 = Release|Any CPU
	EndGlobalSection
	GlobalSection(SolutionProperties) = preSolution
		HideSolutionNode = FALSE
	EndGlobalSection
	GlobalSection(ExtensibilityGlobals) = postSolution
		SolutionGuid = {9494479A-C22E-4FA0-BA68-EA27A3E96E15}
	EndGlobalSection
EndGlobal
